
Microsoft Visual Studio Solution File, Format Version 12.00
# Visual Studio Version 17
VisualStudioVersion = 17.0.31903.59
MinimumVisualStudioVersion = 10.0.40219.1
Project("{FAE04EC0-301F-11D3-BF4B-00C04F79EFBC}") = "API", "API\API.csproj", "{C96F7ADB-4CF9-4C5F-9822-14659138B499}"
EndProject
Project("{FAE04EC0-301F-11D3-BF4B-00C04F79EFBC}") = "Service", "Service\Service.csproj", "{DA6F73D0-1455-40F0-821B-5659039113A9}"
EndProject
Project("{FAE04EC0-301F-11D3-BF4B-00C04F79EFBC}") = "Repository", "Repository\Repository.csproj", "{A99E5559-EDBA-45DC-AC43-C77AAEA04A2E}"
EndProject
Global
	GlobalSection(SolutionConfigurationPlatforms) = preSolution
		Debug|Any CPU = Debug|Any CPU
		Release|Any CPU = Release|Any CPU
	EndGlobalSection
	GlobalSection(SolutionProperties) = preSolution
		HideSolutionNode = FALSE
	EndGlobalSection
	GlobalSection(ProjectConfigurationPlatforms) = postSolution
		{C96F7ADB-4CF9-4C5F-9822-14659138B499}.Debug|Any CPU.ActiveCfg = Debug|Any CPU
		{C96F7ADB-4CF9-4C5F-9822-14659138B499}.Debug|Any CPU.Build.0 = Debug|Any CPU
		{C96F7ADB-4CF9-4C5F-9822-14659138B499}.Release|Any CPU.ActiveCfg = Release|Any CPU
		{C96F7ADB-4CF9-4C5F-9822-14659138B499}.Release|Any CPU.Build.0 = Release|Any CPU
		{DA6F73D0-1455-40F0-821B-5659039113A9}.Debug|Any CPU.ActiveCfg = Debug|Any CPU
		{DA6F73D0-1455-40F0-821B-5659039113A9}.Debug|Any CPU.Build.0 = Debug|Any CPU
		{DA6F73D0-1455-40F0-821B-5659039113A9}.Release|Any CPU.ActiveCfg = Release|Any CPU
		{DA6F73D0-1455-40F0-821B-5659039113A9}.Release|Any CPU.Build.0 = Release|Any CPU
		{A99E5559-EDBA-45DC-AC43-C77AAEA04A2E}.Debug|Any CPU.ActiveCfg = Debug|Any CPU
		{A99E5559-EDBA-45DC-AC43-C77AAEA04A2E}.Debug|Any CPU.Build.0 = Debug|Any CPU
		{A99E5559-EDBA-45DC-AC43-C77AAEA04A2E}.Release|Any CPU.ActiveCfg = Release|Any CPU
		{A99E5559-EDBA-45DC-AC43-C77AAEA04A2E}.Release|Any CPU.Build.0 = Release|Any CPU
	EndGlobalSection
EndGlobal
